
Microsoft Visual Studio Solution File, Format Version 12.00
# Visual Studio Version 16
VisualStudioVersion = 25.0.1705.5
MinimumVisualStudioVersion = 10.0.40219.1
Project("{FAE04EC0-301F-11D3-BF4B-00C04F79EFBC}") = "Magic_Villa_VillaAPI", "Magic_Villa_VillaAPI.csproj", "{35993AA5-1995-4382-BCAD-9B89BB1A6F41}"
EndProject
Global
	GlobalSection(SolutionConfigurationPlatforms) = preSolution
		Debug|Any CPU = Debug|Any CPU
		Release|Any CPU = Release|Any CPU
	EndGlobalSection
	GlobalSection(ProjectConfigurationPlatforms) = postSolution
		{35993AA5-1995-4382-BCAD-9B89BB1A6F41}.Debug|Any CPU.ActiveCfg = Debug|Any CPU
		{35993AA5-1995-4382-BCAD-9B89BB1A6F41}.Debug|Any CPU.Build.0 = Debug|Any CPU
		{35993AA5-1995-4382-BCAD-9B89BB1A6F41}.Release|Any CPU.ActiveCfg = Release|Any CPU
		{35993AA5-1995-4382-BCAD-9B89BB1A6F41}.Release|Any CPU.Build.0 = Release|Any CPU
	EndGlobalSection
	GlobalSection(SolutionProperties) = preSolution
		HideSolutionNode = FALSE
	EndGlobalSection
	GlobalSection(ExtensibilityGlobals) = postSolution
		SolutionGuid = {5C4260DC-C0FF-4376-A628-56677589AAC7}
	EndGlobalSection
EndGlobal
